
Microsoft Visual Studio Solution File, Format Version 12.00
# Visual Studio Version 16
VisualStudioVersion = 16.0.810.21
MinimumVisualStudioVersion = 10.0.40219.1
Project("{FAE04EC0-301F-11D3-BF4B-00C04F79EFBC}") = "databases-pos-vs", "databases-pos-vs\databases-pos-vs.csproj", "{B4025C14-84D1-425B-AE67-60F9D3B96671}"
EndProject
Global
	GlobalSection(SolutionConfigurationPlatforms) = preSolution
		Debug|Any CPU = Debug|Any CPU
		Release|Any CPU = Release|Any CPU
	EndGlobalSection
	GlobalSection(ProjectConfigurationPlatforms) = postSolution
		{B4025C14-84D1-425B-AE67-60F9D3B96671}.Debug|Any CPU.ActiveCfg = Debug|Any CPU
		{B4025C14-84D1-425B-AE67-60F9D3B96671}.Debug|Any CPU.Build.0 = Debug|Any CPU
		{B4025C14-84D1-425B-AE67-60F9D3B96671}.Release|Any CPU.ActiveCfg = Release|Any CPU
		{B4025C14-84D1-425B-AE67-60F9D3B96671}.Release|Any CPU.Build.0 = Release|Any CPU
	EndGlobalSection
	GlobalSection(SolutionProperties) = preSolution
		HideSolutionNode = FALSE
	EndGlobalSection
	GlobalSection(ExtensibilityGlobals) = postSolution
		SolutionGuid = {5C925C2C-4887-4D1F-9283-A0BBF309DC94}
	EndGlobalSection
EndGlobal
